// !$*UTF8*$!
{
	archiveVersion = 1;
	classes = {
	};
	objectVersion = 50;
	objects = {

/* Begin PBXBuildFile section */
		AD2ADEF825B568A90066D74B /* AppCore.h in Headers */ = {isa = PBXBuildFile; fileRef = AD2ADEF625B568A90066D74B /* AppCore.h */; settings = {ATTRIBUTES = (Public, ); }; };
		AD2ADF0625B568C50066D74B /* Static1.swift in Sources */ = {isa = PBXBuildFile; fileRef = AD2ADF0525B568C50066D74B /* Static1.swift */; };
		AD2ADF2625B57BEA0066D74B /* libStatic1.a in Frameworks */ = {isa = PBXBuildFile; fileRef = AD2ADF0325B568C50066D74B /* libStatic1.a */; };
		AD2ADF2825B57BF30066D74B /* Umbrella.framework in Frameworks */ = {isa = PBXBuildFile; fileRef = AD2ADF2725B57BF30066D74B /* Umbrella.framework */; };
		AD2ADF3625B57CAE0066D74B /* export.swift in Sources */ = {isa = PBXBuildFile; fileRef = AD2ADF3525B57CAE0066D74B /* export.swift */; };
		AD2ADF5125B57D460066D74B /* UserDefaultsRepositoryProtocol.swift in Sources */ = {isa = PBXBuildFile; fileRef = AD2ADF4B25B57D460066D74B /* UserDefaultsRepositoryProtocol.swift */; };
		AD2ADF5225B57D460066D74B /* UserDefaultsKeys.swift in Sources */ = {isa = PBXBuildFile; fileRef = AD2ADF4C25B57D460066D74B /* UserDefaultsKeys.swift */; };
		AD2ADF5325B57D460066D74B /* UserDefaultsDataStore.swift in Sources */ = {isa = PBXBuildFile; fileRef = AD2ADF4D25B57D460066D74B /* UserDefaultsDataStore.swift */; };
		AD2ADF5425B57D460066D74B /* UserDefaultsRepository.swift in Sources */ = {isa = PBXBuildFile; fileRef = AD2ADF4E25B57D460066D74B /* UserDefaultsRepository.swift */; };
		AD2ADF5525B57D460066D74B /* UserDefaultsDataStoreProtocol.swift in Sources */ = {isa = PBXBuildFile; fileRef = AD2ADF4F25B57D460066D74B /* UserDefaultsDataStoreProtocol.swift */; };
		AD2ADF5625B57D460066D74B /* UserDefaultsPropertyWrapper.swift in Sources */ = {isa = PBXBuildFile; fileRef = AD2ADF5025B57D460066D74B /* UserDefaultsPropertyWrapper.swift */; };
		AD2ADF9225B673DA0066D74B /* Umbrella.framework in Frameworks */ = {isa = PBXBuildFile; fileRef = AD2ADF7F25B665310066D74B /* Umbrella.framework */; };
		AD2ADF9325B673DA0066D74B /* Umbrella.framework in Embed Frameworks */ = {isa = PBXBuildFile; fileRef = AD2ADF7F25B665310066D74B /* Umbrella.framework */; settings = {ATTRIBUTES = (CodeSignOnCopy, RemoveHeadersOnCopy, ); }; };
/* End PBXBuildFile section */

/* Begin PBXCopyFilesBuildPhase section */
		AD2ADF0125B568C50066D74B /* CopyFiles */ = {
			isa = PBXCopyFilesBuildPhase;
			buildActionMask = 2147483647;
			dstPath = "include/$(PRODUCT_NAME)";
			dstSubfolderSpec = 16;
			files = (
			);
			runOnlyForDeploymentPostprocessing = 0;
		};
		AD2ADF9425B673DA0066D74B /* Embed Frameworks */ = {
			isa = PBXCopyFilesBuildPhase;
			buildActionMask = 2147483647;
			dstPath = "";
			dstSubfolderSpec = 10;
			files = (
				AD2ADF9325B673DA0066D74B /* Umbrella.framework in Embed Frameworks */,
			);
			name = "Embed Frameworks";
			runOnlyForDeploymentPostprocessing = 0;
		};
/* End PBXCopyFilesBuildPhase section */

/* Begin PBXFileReference section */
		AD2ADEF325B568A90066D74B /* AppCore.framework */ = {isa = PBXFileReference; explicitFileType = wrapper.framework; includeInIndex = 0; path = AppCore.framework; sourceTree = BUILT_PRODUCTS_DIR; };
		AD2ADEF625B568A90066D74B /* AppCore.h */ = {isa = PBXFileReference; lastKnownFileType = sourcecode.c.h; path = AppCore.h; sourceTree = "<group>"; };
		AD2ADEF725B568A90066D74B /* Info.plist */ = {isa = PBXFileReference; lastKnownFileType = text.plist.xml; path = Info.plist; sourceTree = "<group>"; };
		AD2ADF0325B568C50066D74B /* libStatic1.a */ = {isa = PBXFileReference; explicitFileType = archive.ar; includeInIndex = 0; path = libStatic1.a; sourceTree = BUILT_PRODUCTS_DIR; };
		AD2ADF0525B568C50066D74B /* Static1.swift */ = {isa = PBXFileReference; lastKnownFileType = sourcecode.swift; path = Static1.swift; sourceTree = "<group>"; };
		AD2ADF2725B57BF30066D74B /* Umbrella.framework */ = {isa = PBXFileReference; explicitFileType = wrapper.framework; path = Umbrella.framework; sourceTree = BUILT_PRODUCTS_DIR; };
		AD2ADF2925B57BFE0066D74B /* Umbrella.framework */ = {isa = PBXFileReference; explicitFileType = wrapper.framework; path = Umbrella.framework; sourceTree = BUILT_PRODUCTS_DIR; };
		AD2ADF3525B57CAE0066D74B /* export.swift */ = {isa = PBXFileReference; lastKnownFileType = sourcecode.swift; path = export.swift; sourceTree = "<group>"; };
		AD2ADF4B25B57D460066D74B /* UserDefaultsRepositoryProtocol.swift */ = {isa = PBXFileReference; fileEncoding = 4; lastKnownFileType = sourcecode.swift; path = UserDefaultsRepositoryProtocol.swift; sourceTree = "<group>"; };
		AD2ADF4C25B57D460066D74B /* UserDefaultsKeys.swift */ = {isa = PBXFileReference; fileEncoding = 4; lastKnownFileType = sourcecode.swift; path = UserDefaultsKeys.swift; sourceTree = "<group>"; };
		AD2ADF4D25B57D460066D74B /* UserDefaultsDataStore.swift */ = {isa = PBXFileReference; fileEncoding = 4; lastKnownFileType = sourcecode.swift; path = UserDefaultsDataStore.swift; sourceTree = "<group>"; };
		AD2ADF4E25B57D460066D74B /* UserDefaultsRepository.swift */ = {isa = PBXFileReference; fileEncoding = 4; lastKnownFileType = sourcecode.swift; path = UserDefaultsRepository.swift; sourceTree = "<group>"; };
		AD2ADF4F25B57D460066D74B /* UserDefaultsDataStoreProtocol.swift */ = {isa = PBXFileReference; fileEncoding = 4; lastKnownFileType = sourcecode.swift; path = UserDefaultsDataStoreProtocol.swift; sourceTree = "<group>"; };
		AD2ADF5025B57D460066D74B /* UserDefaultsPropertyWrapper.swift */ = {isa = PBXFileReference; fileEncoding = 4; lastKnownFileType = sourcecode.swift; path = UserDefaultsPropertyWrapper.swift; sourceTree = "<group>"; };
		AD2ADF7F25B665310066D74B /* Umbrella.framework */ = {isa = PBXFileReference; explicitFileType = wrapper.framework; path = Umbrella.framework; sourceTree = BUILT_PRODUCTS_DIR; };
/* End PBXFileReference section */

/* Begin PBXFrameworksBuildPhase section */
		AD2ADEF025B568A90066D74B /* Frameworks */ = {
			isa = PBXFrameworksBuildPhase;
			buildActionMask = 2147483647;
			files = (
				AD2ADF9225B673DA0066D74B /* Umbrella.framework in Frameworks */,
				AD2ADF2625B57BEA0066D74B /* libStatic1.a in Frameworks */,
			);
			runOnlyForDeploymentPostprocessing = 0;
		};
		AD2ADF0025B568C50066D74B /* Frameworks */ = {
			isa = PBXFrameworksBuildPhase;
			buildActionMask = 2147483647;
			files = (
				AD2ADF2825B57BF30066D74B /* Umbrella.framework in Frameworks */,
			);
			runOnlyForDeploymentPostprocessing = 0;
		};
/* End PBXFrameworksBuildPhase section */

/* Begin PBXGroup section */
		AD2ADEE925B568A90066D74B = {
			isa = PBXGroup;
			children = (
				AD2ADEF525B568A90066D74B /* AppCore */,
				AD2ADF0425B568C50066D74B /* Static1 */,
				AD2ADEF425B568A90066D74B /* Products */,
				AD2ADF2525B57BEA0066D74B /* Frameworks */,
			);
			sourceTree = "<group>";
		};
		AD2ADEF425B568A90066D74B /* Products */ = {
			isa = PBXGroup;
			children = (
				AD2ADEF325B568A90066D74B /* AppCore.framework */,
				AD2ADF0325B568C50066D74B /* libStatic1.a */,
			);
			name = Products;
			sourceTree = "<group>";
		};
		AD2ADEF525B568A90066D74B /* AppCore */ = {
			isa = PBXGroup;
			children = (
				AD2ADEF625B568A90066D74B /* AppCore.h */,
				AD2ADEF725B568A90066D74B /* Info.plist */,
				AD2ADF3525B57CAE0066D74B /* export.swift */,
			);
			path = AppCore;
			sourceTree = "<group>";
		};
		AD2ADF0425B568C50066D74B /* Static1 */ = {
			isa = PBXGroup;
			children = (
				AD2ADF0525B568C50066D74B /* Static1.swift */,
				AD2ADF4D25B57D460066D74B /* UserDefaultsDataStore.swift */,
				AD2ADF4F25B57D460066D74B /* UserDefaultsDataStoreProtocol.swift */,
				AD2ADF4C25B57D460066D74B /* UserDefaultsKeys.swift */,
				AD2ADF5025B57D460066D74B /* UserDefaultsPropertyWrapper.swift */,
				AD2ADF4E25B57D460066D74B /* UserDefaultsRepository.swift */,
				AD2ADF4B25B57D460066D74B /* UserDefaultsRepositoryProtocol.swift */,
			);
			path = Static1;
			sourceTree = "<group>";
		};
		AD2ADF2525B57BEA0066D74B /* Frameworks */ = {
			isa = PBXGroup;
			children = (
				AD2ADF7F25B665310066D74B /* Umbrella.framework */,
				AD2ADF2925B57BFE0066D74B /* Umbrella.framework */,
				AD2ADF2725B57BF30066D74B /* Umbrella.framework */,
			);
			name = Frameworks;
			sourceTree = "<group>";
		};
/* End PBXGroup section */

/* Begin PBXHeadersBuildPhase section */
		AD2ADEEE25B568A90066D74B /* Headers */ = {
			isa = PBXHeadersBuildPhase;
			buildActionMask = 2147483647;
			files = (
				AD2ADEF825B568A90066D74B /* AppCore.h in Headers */,
			);
			runOnlyForDeploymentPostprocessing = 0;
		};
/* End PBXHeadersBuildPhase section */

/* Begin PBXNativeTarget section */
		AD2ADEF225B568A90066D74B /* AppCore */ = {
			isa = PBXNativeTarget;
			buildConfigurationList = AD2ADEFB25B568A90066D74B /* Build configuration list for PBXNativeTarget "AppCore" */;
			buildPhases = (
				AD2ADEEE25B568A90066D74B /* Headers */,
				AD2ADEEF25B568A90066D74B /* Sources */,
				AD2ADEF025B568A90066D74B /* Frameworks */,
				AD2ADEF125B568A90066D74B /* Resources */,
				AD2ADF9425B673DA0066D74B /* Embed Frameworks */,
			);
			buildRules = (
			);
			dependencies = (
			);
			name = AppCore;
			productName = AppCore;
			productReference = AD2ADEF325B568A90066D74B /* AppCore.framework */;
			productType = "com.apple.product-type.framework";
		};
		AD2ADF0225B568C50066D74B /* Static1 */ = {
			isa = PBXNativeTarget;
			buildConfigurationList = AD2ADF0725B568C50066D74B /* Build configuration list for PBXNativeTarget "Static1" */;
			buildPhases = (
				AD2ADEFF25B568C50066D74B /* Sources */,
				AD2ADF0025B568C50066D74B /* Frameworks */,
				AD2ADF0125B568C50066D74B /* CopyFiles */,
			);
			buildRules = (
			);
			dependencies = (
			);
			name = Static1;
			productName = Static1;
			productReference = AD2ADF0325B568C50066D74B /* libStatic1.a */;
			productType = "com.apple.product-type.library.static";
		};
/* End PBXNativeTarget section */

/* Begin PBXProject section */
		AD2ADEEA25B568A90066D74B /* Project object */ = {
			isa = PBXProject;
			attributes = {
				LastSwiftUpdateCheck = 1230;
				LastUpgradeCheck = 1230;
				TargetAttributes = {
					AD2ADEF225B568A90066D74B = {
						CreatedOnToolsVersion = 12.3;
						LastSwiftMigration = 1230;
					};
					AD2ADF0225B568C50066D74B = {
						CreatedOnToolsVersion = 12.3;
					};
				};
			};
			buildConfigurationList = AD2ADEED25B568A90066D74B /* Build configuration list for PBXProject "AppCore" */;
			compatibilityVersion = "Xcode 9.3";
			developmentRegion = en;
			hasScannedForEncodings = 0;
			knownRegions = (
				en,
				Base,
			);
			mainGroup = AD2ADEE925B568A90066D74B;
			productRefGroup = AD2ADEF425B568A90066D74B /* Products */;
			projectDirPath = "";
			projectRoot = "";
			targets = (
				AD2ADEF225B568A90066D74B /* AppCore */,
				AD2ADF0225B568C50066D74B /* Static1 */,
			);
		};
/* End PBXProject section */

/* Begin PBXResourcesBuildPhase section */
		AD2ADEF125B568A90066D74B /* Resources */ = {
			isa = PBXResourcesBuildPhase;
			buildActionMask = 2147483647;
			files = (
			);
			runOnlyForDeploymentPostprocessing = 0;
		};
/* End PBXResourcesBuildPhase section */

/* Begin PBXSourcesBuildPhase section */
		AD2ADEEF25B568A90066D74B /* Sources */ = {
			isa = PBXSourcesBuildPhase;
			buildActionMask = 2147483647;
			files = (
				AD2ADF3625B57CAE0066D74B /* export.swift in Sources */,
			);
			runOnlyForDeploymentPostprocessing = 0;
		};
		AD2ADEFF25B568C50066D74B /* Sources */ = {
			isa = PBXSourcesBuildPhase;
			buildActionMask = 2147483647;
			files = (
				AD2ADF5325B57D460066D74B /* UserDefaultsDataStore.swift in Sources */,
				AD2ADF5125B57D460066D74B /* UserDefaultsRepositoryProtocol.swift in Sources */,
				AD2ADF5525B57D460066D74B /* UserDefaultsDataStoreProtocol.swift in Sources */,
				AD2ADF5625B57D460066D74B /* UserDefaultsPropertyWrapper.swift in Sources */,
				AD2ADF5425B57D460066D74B /* UserDefaultsRepository.swift in Sources */,
				AD2ADF5225B57D460066D74B /* UserDefaultsKeys.swift in Sources */,
				AD2ADF0625B568C50066D74B /* Static1.swift in Sources */,
			);
			runOnlyForDeploymentPostprocessing = 0;
		};
/* End PBXSourcesBuildPhase section */

/* Begin XCBuildConfiguration section */
		AD2ADEF925B568A90066D74B /* Debug */ = {
			isa = XCBuildConfiguration;
			buildSettings = {
				ALWAYS_SEARCH_USER_PATHS = NO;
				CLANG_ANALYZER_NONNULL = YES;
				CLANG_ANALYZER_NUMBER_OBJECT_CONVERSION = YES_AGGRESSIVE;
				CLANG_CXX_LANGUAGE_STANDARD = "gnu++14";
				CLANG_CXX_LIBRARY = "libc++";
				CLANG_ENABLE_MODULES = YES;
				CLANG_ENABLE_OBJC_ARC = YES;
				CLANG_ENABLE_OBJC_WEAK = YES;
				CLANG_WARN_BLOCK_CAPTURE_AUTORELEASING = YES;
				CLANG_WARN_BOOL_CONVERSION = YES;
				CLANG_WARN_COMMA = YES;
				CLANG_WARN_CONSTANT_CONVERSION = YES;
				CLANG_WARN_DEPRECATED_OBJC_IMPLEMENTATIONS = YES;
				CLANG_WARN_DIRECT_OBJC_ISA_USAGE = YES_ERROR;
				CLANG_WARN_DOCUMENTATION_COMMENTS = YES;
				CLANG_WARN_EMPTY_BODY = YES;
				CLANG_WARN_ENUM_CONVERSION = YES;
				CLANG_WARN_INFINITE_RECURSION = YES;
				CLANG_WARN_INT_CONVERSION = YES;
				CLANG_WARN_NON_LITERAL_NULL_CONVERSION = YES;
				CLANG_WARN_OBJC_IMPLICIT_RETAIN_SELF = YES;
				CLANG_WARN_OBJC_LITERAL_CONVERSION = YES;
				CLANG_WARN_OBJC_ROOT_CLASS = YES_ERROR;
				CLANG_WARN_QUOTED_INCLUDE_IN_FRAMEWORK_HEADER = YES;
				CLANG_WARN_RANGE_LOOP_ANALYSIS = YES;
				CLANG_WARN_STRICT_PROTOTYPES = YES;
				CLANG_WARN_SUSPICIOUS_MOVE = YES;
				CLANG_WARN_UNGUARDED_AVAILABILITY = YES_AGGRESSIVE;
				CLANG_WARN_UNREACHABLE_CODE = YES;
				CLANG_WARN__DUPLICATE_METHOD_MATCH = YES;
				COPY_PHASE_STRIP = NO;
				CURRENT_PROJECT_VERSION = 1;
				DEBUG_INFORMATION_FORMAT = dwarf;
				ENABLE_STRICT_OBJC_MSGSEND = YES;
				ENABLE_TESTABILITY = YES;
				GCC_C_LANGUAGE_STANDARD = gnu11;
				GCC_DYNAMIC_NO_PIC = NO;
				GCC_NO_COMMON_BLOCKS = YES;
				GCC_OPTIMIZATION_LEVEL = 0;
				GCC_PREPROCESSOR_DEFINITIONS = (
					"DEBUG=1",
					"$(inherited)",
				);
				GCC_WARN_64_TO_32_BIT_CONVERSION = YES;
				GCC_WARN_ABOUT_RETURN_TYPE = YES_ERROR;
				GCC_WARN_UNDECLARED_SELECTOR = YES;
				GCC_WARN_UNINITIALIZED_AUTOS = YES_AGGRESSIVE;
				GCC_WARN_UNUSED_FUNCTION = YES;
				GCC_WARN_UNUSED_VARIABLE = YES;
				IPHONEOS_DEPLOYMENT_TARGET = 14.3;
				MTL_ENABLE_DEBUG_INFO = INCLUDE_SOURCE;
				MTL_FAST_MATH = YES;
				ONLY_ACTIVE_ARCH = YES;
				SDKROOT = iphoneos;
				SWIFT_ACTIVE_COMPILATION_CONDITIONS = DEBUG;
				SWIFT_OPTIMIZATION_LEVEL = "-Onone";
				VERSIONING_SYSTEM = "apple-generic";
				VERSION_INFO_PREFIX = "";
			};
			name = Debug;
		};
		AD2ADEFA25B568A90066D74B /* Release */ = {
			isa = XCBuildConfiguration;
			buildSettings = {
				ALWAYS_SEARCH_USER_PATHS = NO;
				CLANG_ANALYZER_NONNULL = YES;
				CLANG_ANALYZER_NUMBER_OBJECT_CONVERSION = YES_AGGRESSIVE;
				CLANG_CXX_LANGUAGE_STANDARD = "gnu++14";
				CLANG_CXX_LIBRARY = "libc++";
				CLANG_ENABLE_MODULES = YES;
				CLANG_ENABLE_OBJC_ARC = YES;
				CLANG_ENABLE_OBJC_WEAK = YES;
				CLANG_WARN_BLOCK_CAPTURE_AUTORELEASING = YES;
				CLANG_WARN_BOOL_CONVERSION = YES;
				CLANG_WARN_COMMA = YES;
				CLANG_WARN_CONSTANT_CONVERSION = YES;
				CLANG_WARN_DEPRECATED_OBJC_IMPLEMENTATIONS = YES;
				CLANG_WARN_DIRECT_OBJC_ISA_USAGE = YES_ERROR;
				CLANG_WARN_DOCUMENTATION_COMMENTS = YES;
				CLANG_WARN_EMPTY_BODY = YES;
				CLANG_WARN_ENUM_CONVERSION = YES;
				CLANG_WARN_INFINITE_RECURSION = YES;
				CLANG_WARN_INT_CONVERSION = YES;
				CLANG_WARN_NON_LITERAL_NULL_CONVERSION = YES;
				CLANG_WARN_OBJC_IMPLICIT_RETAIN_SELF = YES;
				CLANG_WARN_OBJC_LITERAL_CONVERSION = YES;
				CLANG_WARN_OBJC_ROOT_CLASS = YES_ERROR;
				CLANG_WARN_QUOTED_INCLUDE_IN_FRAMEWORK_HEADER = YES;
				CLANG_WARN_RANGE_LOOP_ANALYSIS = YES;
				CLANG_WARN_STRICT_PROTOTYPES = YES;
				CLANG_WARN_SUSPICIOUS_MOVE = YES;
				CLANG_WARN_UNGUARDED_AVAILABILITY = YES_AGGRESSIVE;
				CLANG_WARN_UNREACHABLE_CODE = YES;
				CLANG_WARN__DUPLICATE_METHOD_MATCH = YES;
				COPY_PHASE_STRIP = NO;
				CURRENT_PROJECT_VERSION = 1;
				DEBUG_INFORMATION_FORMAT = "dwarf-with-dsym";
				ENABLE_NS_ASSERTIONS = NO;
				ENABLE_STRICT_OBJC_MSGSEND = YES;
				GCC_C_LANGUAGE_STANDARD = gnu11;
				GCC_NO_COMMON_BLOCKS = YES;
				GCC_WARN_64_TO_32_BIT_CONVERSION = YES;
				GCC_WARN_ABOUT_RETURN_TYPE = YES_ERROR;
				GCC_WARN_UNDECLARED_SELECTOR = YES;
				GCC_WARN_UNINITIALIZED_AUTOS = YES_AGGRESSIVE;
				GCC_WARN_UNUSED_FUNCTION = YES;
				GCC_WARN_UNUSED_VARIABLE = YES;
				IPHONEOS_DEPLOYMENT_TARGET = 14.3;
				MTL_ENABLE_DEBUG_INFO = NO;
				MTL_FAST_MATH = YES;
				SDKROOT = iphoneos;
				SWIFT_COMPILATION_MODE = wholemodule;
				SWIFT_OPTIMIZATION_LEVEL = "-O";
				VALIDATE_PRODUCT = YES;
				VERSIONING_SYSTEM = "apple-generic";
				VERSION_INFO_PREFIX = "";
			};
			name = Release;
		};
		AD2ADEFC25B568A90066D74B /* Debug */ = {
			isa = XCBuildConfiguration;
			buildSettings = {
				CLANG_ENABLE_MODULES = YES;
				CODE_SIGN_STYLE = Automatic;
				DEFINES_MODULE = YES;
				DEVELOPMENT_TEAM = CMZ8NMX69N;
				DYLIB_COMPATIBILITY_VERSION = 1;
				DYLIB_CURRENT_VERSION = 1;
				DYLIB_INSTALL_NAME_BASE = "@rpath";
				INFOPLIST_FILE = AppCore/Info.plist;
				INSTALL_PATH = "$(LOCAL_LIBRARY_DIR)/Frameworks";
				LD_RUNPATH_SEARCH_PATHS = (
					"$(inherited)",
					"@executable_path/Frameworks",
					"@loader_path/Frameworks",
				);
				OTHER_LDFLAGS = (
					"-Objc",
					"-all_load",
				);
				PRODUCT_BUNDLE_IDENTIFIER = y.ryoga.AppCore;
				PRODUCT_NAME = "$(TARGET_NAME:c99extidentifier)";
				SKIP_INSTALL = YES;
				SWIFT_OPTIMIZATION_LEVEL = "-Onone";
				SWIFT_VERSION = 5.0;
				TARGETED_DEVICE_FAMILY = "1,2";
			};
			name = Debug;
		};
		AD2ADEFD25B568A90066D74B /* Release */ = {
			isa = XCBuildConfiguration;
			buildSettings = {
				CLANG_ENABLE_MODULES = YES;
				CODE_SIGN_STYLE = Automatic;
				DEFINES_MODULE = YES;
				DEVELOPMENT_TEAM = CMZ8NMX69N;
				DYLIB_COMPATIBILITY_VERSION = 1;
				DYLIB_CURRENT_VERSION = 1;
				DYLIB_INSTALL_NAME_BASE = "@rpath";
				INFOPLIST_FILE = AppCore/Info.plist;
				INSTALL_PATH = "$(LOCAL_LIBRARY_DIR)/Frameworks";
				LD_RUNPATH_SEARCH_PATHS = (
					"$(inherited)",
					"@executable_path/Frameworks",
					"@loader_path/Frameworks",
				);
				OTHER_LDFLAGS = (
					"-Objc",
					"-all_load",
				);
				PRODUCT_BUNDLE_IDENTIFIER = y.ryoga.AppCore;
				PRODUCT_NAME = "$(TARGET_NAME:c99extidentifier)";
				SKIP_INSTALL = YES;
				SWIFT_VERSION = 5.0;
				TARGETED_DEVICE_FAMILY = "1,2";
			};
			name = Release;
		};
		AD2ADF0825B568C50066D74B /* Debug */ = {
			isa = XCBuildConfiguration;
			buildSettings = {
				CODE_SIGN_STYLE = Automatic;
				DEVELOPMENT_TEAM = CMZ8NMX69N;
				OTHER_LDFLAGS = "-ObjC";
				PRODUCT_NAME = "$(TARGET_NAME)";
				SKIP_INSTALL = YES;
				SWIFT_VERSION = 5.0;
				TARGETED_DEVICE_FAMILY = "1,2";
			};
			name = Debug;
		};
		AD2ADF0925B568C50066D74B /* Release */ = {
			isa = XCBuildConfiguration;
			buildSettings = {
				CODE_SIGN_STYLE = Automatic;
				DEVELOPMENT_TEAM = CMZ8NMX69N;
				OTHER_LDFLAGS = "-ObjC";
				PRODUCT_NAME = "$(TARGET_NAME)";
				SKIP_INSTALL = YES;
				SWIFT_VERSION = 5.0;
				TARGETED_DEVICE_FAMILY = "1,2";
			};
			name = Release;
		};
/* End XCBuildConfiguration section */

/* Begin XCConfigurationList section */
		AD2ADEED25B568A90066D74B /* Build configuration list for PBXProject "AppCore" */ = {
			isa = XCConfigurationList;
			buildConfigurations = (
				AD2ADEF925B568A90066D74B /* Debug */,
				AD2ADEFA25B568A90066D74B /* Release */,
			);
			defaultConfigurationIsVisible = 0;
			defaultConfigurationName = Release;
		};
		AD2ADEFB25B568A90066D74B /* Build configuration list for PBXNativeTarget "AppCore" */ = {
			isa = XCConfigurationList;
			buildConfigurations = (
				AD2ADEFC25B568A90066D74B /* Debug */,
				AD2ADEFD25B568A90066D74B /* Release */,
			);
			defaultConfigurationIsVisible = 0;
			defaultConfigurationName = Release;
		};
		AD2ADF0725B568C50066D74B /* Build configuration list for PBXNativeTarget "Static1" */ = {
			isa = XCConfigurationList;
			buildConfigurations = (
				AD2ADF0825B568C50066D74B /* Debug */,
				AD2ADF0925B568C50066D74B /* Release */,
			);
			defaultConfigurationIsVisible = 0;
			defaultConfigurationName = Release;
		};
/* End XCConfigurationList section */
	};
	rootObject = AD2ADEEA25B568A90066D74B /* Project object */;
}
