// !$*UTF8*$!
{
	archiveVersion = 1;
	classes = {
	};
	objectVersion = 50;
	objects = {

/* Begin PBXBuildFile section */
		AD2ADED525B568770066D74B /* AppDelegate.swift in Sources */ = {isa = PBXBuildFile; fileRef = AD2ADED425B568770066D74B /* AppDelegate.swift */; };
		AD2ADED725B568770066D74B /* SceneDelegate.swift in Sources */ = {isa = PBXBuildFile; fileRef = AD2ADED625B568770066D74B /* SceneDelegate.swift */; };
		AD2ADED925B568770066D74B /* ViewController.swift in Sources */ = {isa = PBXBuildFile; fileRef = AD2ADED825B568770066D74B /* ViewController.swift */; };
		AD2ADEDC25B568770066D74B /* Main.storyboard in Resources */ = {isa = PBXBuildFile; fileRef = AD2ADEDA25B568770066D74B /* Main.storyboard */; };
		AD2ADEDE25B568780066D74B /* Assets.xcassets in Resources */ = {isa = PBXBuildFile; fileRef = AD2ADEDD25B568780066D74B /* Assets.xcassets */; };
		AD2ADEE125B568780066D74B /* LaunchScreen.storyboard in Resources */ = {isa = PBXBuildFile; fileRef = AD2ADEDF25B568780066D74B /* LaunchScreen.storyboard */; };
		AD2ADF5B25B57EDC0066D74B /* AppCore.framework in Frameworks */ = {isa = PBXBuildFile; fileRef = AD2ADF5A25B57EDC0066D74B /* AppCore.framework */; };
		AD2ADF5C25B57EDC0066D74B /* AppCore.framework in Embed Frameworks */ = {isa = PBXBuildFile; fileRef = AD2ADF5A25B57EDC0066D74B /* AppCore.framework */; settings = {ATTRIBUTES = (CodeSignOnCopy, RemoveHeadersOnCopy, ); }; };
		AD2ADFE425B6C7790066D74B /* Umbrella.framework in Frameworks */ = {isa = PBXBuildFile; fileRef = AD2ADFE325B6C7790066D74B /* Umbrella.framework */; };
		AD2ADFE525B6C7790066D74B /* Umbrella.framework in Embed Frameworks */ = {isa = PBXBuildFile; fileRef = AD2ADFE325B6C7790066D74B /* Umbrella.framework */; settings = {ATTRIBUTES = (CodeSignOnCopy, RemoveHeadersOnCopy, ); }; };
/* End PBXBuildFile section */

/* Begin PBXCopyFilesBuildPhase section */
		AD2ADF5D25B57EDC0066D74B /* Embed Frameworks */ = {
			isa = PBXCopyFilesBuildPhase;
			buildActionMask = 2147483647;
			dstPath = "";
			dstSubfolderSpec = 10;
			files = (
				AD2ADFE525B6C7790066D74B /* Umbrella.framework in Embed Frameworks */,
				AD2ADF5C25B57EDC0066D74B /* AppCore.framework in Embed Frameworks */,
			);
			name = "Embed Frameworks";
			runOnlyForDeploymentPostprocessing = 0;
		};
/* End PBXCopyFilesBuildPhase section */

/* Begin PBXFileReference section */
		AD2ADED125B568770066D74B /* App3.app */ = {isa = PBXFileReference; explicitFileType = wrapper.application; includeInIndex = 0; path = App3.app; sourceTree = BUILT_PRODUCTS_DIR; };
		AD2ADED425B568770066D74B /* AppDelegate.swift */ = {isa = PBXFileReference; lastKnownFileType = sourcecode.swift; path = AppDelegate.swift; sourceTree = "<group>"; };
		AD2ADED625B568770066D74B /* SceneDelegate.swift */ = {isa = PBXFileReference; lastKnownFileType = sourcecode.swift; path = SceneDelegate.swift; sourceTree = "<group>"; };
		AD2ADED825B568770066D74B /* ViewController.swift */ = {isa = PBXFileReference; lastKnownFileType = sourcecode.swift; path = ViewController.swift; sourceTree = "<group>"; };
		AD2ADEDB25B568770066D74B /* Base */ = {isa = PBXFileReference; lastKnownFileType = file.storyboard; name = Base; path = Base.lproj/Main.storyboard; sourceTree = "<group>"; };
		AD2ADEDD25B568780066D74B /* Assets.xcassets */ = {isa = PBXFileReference; lastKnownFileType = folder.assetcatalog; path = Assets.xcassets; sourceTree = "<group>"; };
		AD2ADEE025B568780066D74B /* Base */ = {isa = PBXFileReference; lastKnownFileType = file.storyboard; name = Base; path = Base.lproj/LaunchScreen.storyboard; sourceTree = "<group>"; };
		AD2ADEE225B568780066D74B /* Info.plist */ = {isa = PBXFileReference; lastKnownFileType = text.plist.xml; path = Info.plist; sourceTree = "<group>"; };
		AD2ADF2325B57BDA0066D74B /* AppCore.framework */ = {isa = PBXFileReference; explicitFileType = wrapper.framework; path = AppCore.framework; sourceTree = BUILT_PRODUCTS_DIR; };
		AD2ADF5A25B57EDC0066D74B /* AppCore.framework */ = {isa = PBXFileReference; explicitFileType = wrapper.framework; path = AppCore.framework; sourceTree = BUILT_PRODUCTS_DIR; };
		AD2ADFE325B6C7790066D74B /* Umbrella.framework */ = {isa = PBXFileReference; explicitFileType = wrapper.framework; path = Umbrella.framework; sourceTree = BUILT_PRODUCTS_DIR; };
/* End PBXFileReference section */

/* Begin PBXFrameworksBuildPhase section */
		AD2ADECE25B568770066D74B /* Frameworks */ = {
			isa = PBXFrameworksBuildPhase;
			buildActionMask = 2147483647;
			files = (
				AD2ADFE425B6C7790066D74B /* Umbrella.framework in Frameworks */,
				AD2ADF5B25B57EDC0066D74B /* AppCore.framework in Frameworks */,
			);
			runOnlyForDeploymentPostprocessing = 0;
		};
/* End PBXFrameworksBuildPhase section */

/* Begin PBXGroup section */
		AD2ADEC825B568770066D74B = {
			isa = PBXGroup;
			children = (
				AD2ADED325B568770066D74B /* App3 */,
				AD2ADED225B568770066D74B /* Products */,
				AD2ADF2225B57BDA0066D74B /* Frameworks */,
			);
			sourceTree = "<group>";
		};
		AD2ADED225B568770066D74B /* Products */ = {
			isa = PBXGroup;
			children = (
				AD2ADED125B568770066D74B /* App3.app */,
			);
			name = Products;
			sourceTree = "<group>";
		};
		AD2ADED325B568770066D74B /* App3 */ = {
			isa = PBXGroup;
			children = (
				AD2ADED425B568770066D74B /* AppDelegate.swift */,
				AD2ADED625B568770066D74B /* SceneDelegate.swift */,
				AD2ADED825B568770066D74B /* ViewController.swift */,
				AD2ADEDA25B568770066D74B /* Main.storyboard */,
				AD2ADEDD25B568780066D74B /* Assets.xcassets */,
				AD2ADEDF25B568780066D74B /* LaunchScreen.storyboard */,
				AD2ADEE225B568780066D74B /* Info.plist */,
			);
			path = App3;
			sourceTree = "<group>";
		};
		AD2ADF2225B57BDA0066D74B /* Frameworks */ = {
			isa = PBXGroup;
			children = (
				AD2ADFE325B6C7790066D74B /* Umbrella.framework */,
				AD2ADF5A25B57EDC0066D74B /* AppCore.framework */,
				AD2ADF2325B57BDA0066D74B /* AppCore.framework */,
			);
			name = Frameworks;
			sourceTree = "<group>";
		};
/* End PBXGroup section */

/* Begin PBXNativeTarget section */
		AD2ADED025B568770066D74B /* App3 */ = {
			isa = PBXNativeTarget;
			buildConfigurationList = AD2ADEE525B568780066D74B /* Build configuration list for PBXNativeTarget "App3" */;
			buildPhases = (
				AD2ADECD25B568770066D74B /* Sources */,
				AD2ADECE25B568770066D74B /* Frameworks */,
				AD2ADECF25B568770066D74B /* Resources */,
				AD2ADF5D25B57EDC0066D74B /* Embed Frameworks */,
			);
			buildRules = (
			);
			dependencies = (
			);
			name = App3;
			productName = App3;
			productReference = AD2ADED125B568770066D74B /* App3.app */;
			productType = "com.apple.product-type.application";
		};
/* End PBXNativeTarget section */

/* Begin PBXProject section */
		AD2ADEC925B568770066D74B /* Project object */ = {
			isa = PBXProject;
			attributes = {
				LastSwiftUpdateCheck = 1230;
				LastUpgradeCheck = 1230;
				TargetAttributes = {
					AD2ADED025B568770066D74B = {
						CreatedOnToolsVersion = 12.3;
					};
				};
			};
			buildConfigurationList = AD2ADECC25B568770066D74B /* Build configuration list for PBXProject "App3" */;
			compatibilityVersion = "Xcode 9.3";
			developmentRegion = en;
			hasScannedForEncodings = 0;
			knownRegions = (
				en,
				Base,
			);
			mainGroup = AD2ADEC825B568770066D74B;
			productRefGroup = AD2ADED225B568770066D74B /* Products */;
			projectDirPath = "";
			projectRoot = "";
			targets = (
				AD2ADED025B568770066D74B /* App3 */,
			);
		};
/* End PBXProject section */

/* Begin PBXResourcesBuildPhase section */
		AD2ADECF25B568770066D74B /* Resources */ = {
			isa = PBXResourcesBuildPhase;
			buildActionMask = 2147483647;
			files = (
				AD2ADEE125B568780066D74B /* LaunchScreen.storyboard in Resources */,
				AD2ADEDE25B568780066D74B /* Assets.xcassets in Resources */,
				AD2ADEDC25B568770066D74B /* Main.storyboard in Resources */,
			);
			runOnlyForDeploymentPostprocessing = 0;
		};
/* End PBXResourcesBuildPhase section */

/* Begin PBXSourcesBuildPhase section */
		AD2ADECD25B568770066D74B /* Sources */ = {
			isa = PBXSourcesBuildPhase;
			buildActionMask = 2147483647;
			files = (
				AD2ADED925B568770066D74B /* ViewController.swift in Sources */,
				AD2ADED525B568770066D74B /* AppDelegate.swift in Sources */,
				AD2ADED725B568770066D74B /* SceneDelegate.swift in Sources */,
			);
			runOnlyForDeploymentPostprocessing = 0;
		};
/* End PBXSourcesBuildPhase section */

/* Begin PBXVariantGroup section */
		AD2ADEDA25B568770066D74B /* Main.storyboard */ = {
			isa = PBXVariantGroup;
			children = (
				AD2ADEDB25B568770066D74B /* Base */,
			);
			name = Main.storyboard;
			sourceTree = "<group>";
		};
		AD2ADEDF25B568780066D74B /* LaunchScreen.storyboard */ = {
			isa = PBXVariantGroup;
			children = (
				AD2ADEE025B568780066D74B /* Base */,
			);
			name = LaunchScreen.storyboard;
			sourceTree = "<group>";
		};
/* End PBXVariantGroup section */

/* Begin XCBuildConfiguration section */
		AD2ADEE325B568780066D74B /* Debug */ = {
			isa = XCBuildConfiguration;
			buildSettings = {
				ALWAYS_SEARCH_USER_PATHS = NO;
				CLANG_ANALYZER_NONNULL = YES;
				CLANG_ANALYZER_NUMBER_OBJECT_CONVERSION = YES_AGGRESSIVE;
				CLANG_CXX_LANGUAGE_STANDARD = "gnu++14";
				CLANG_CXX_LIBRARY = "libc++";
				CLANG_ENABLE_MODULES = YES;
				CLANG_ENABLE_OBJC_ARC = YES;
				CLANG_ENABLE_OBJC_WEAK = YES;
				CLANG_WARN_BLOCK_CAPTURE_AUTORELEASING = YES;
				CLANG_WARN_BOOL_CONVERSION = YES;
				CLANG_WARN_COMMA = YES;
				CLANG_WARN_CONSTANT_CONVERSION = YES;
				CLANG_WARN_DEPRECATED_OBJC_IMPLEMENTATIONS = YES;
				CLANG_WARN_DIRECT_OBJC_ISA_USAGE = YES_ERROR;
				CLANG_WARN_DOCUMENTATION_COMMENTS = YES;
				CLANG_WARN_EMPTY_BODY = YES;
				CLANG_WARN_ENUM_CONVERSION = YES;
				CLANG_WARN_INFINITE_RECURSION = YES;
				CLANG_WARN_INT_CONVERSION = YES;
				CLANG_WARN_NON_LITERAL_NULL_CONVERSION = YES;
				CLANG_WARN_OBJC_IMPLICIT_RETAIN_SELF = YES;
				CLANG_WARN_OBJC_LITERAL_CONVERSION = YES;
				CLANG_WARN_OBJC_ROOT_CLASS = YES_ERROR;
				CLANG_WARN_QUOTED_INCLUDE_IN_FRAMEWORK_HEADER = YES;
				CLANG_WARN_RANGE_LOOP_ANALYSIS = YES;
				CLANG_WARN_STRICT_PROTOTYPES = YES;
				CLANG_WARN_SUSPICIOUS_MOVE = YES;
				CLANG_WARN_UNGUARDED_AVAILABILITY = YES_AGGRESSIVE;
				CLANG_WARN_UNREACHABLE_CODE = YES;
				CLANG_WARN__DUPLICATE_METHOD_MATCH = YES;
				COPY_PHASE_STRIP = NO;
				DEBUG_INFORMATION_FORMAT = dwarf;
				ENABLE_STRICT_OBJC_MSGSEND = YES;
				ENABLE_TESTABILITY = YES;
				GCC_C_LANGUAGE_STANDARD = gnu11;
				GCC_DYNAMIC_NO_PIC = NO;
				GCC_NO_COMMON_BLOCKS = YES;
				GCC_OPTIMIZATION_LEVEL = 0;
				GCC_PREPROCESSOR_DEFINITIONS = (
					"DEBUG=1",
					"$(inherited)",
				);
				GCC_WARN_64_TO_32_BIT_CONVERSION = YES;
				GCC_WARN_ABOUT_RETURN_TYPE = YES_ERROR;
				GCC_WARN_UNDECLARED_SELECTOR = YES;
				GCC_WARN_UNINITIALIZED_AUTOS = YES_AGGRESSIVE;
				GCC_WARN_UNUSED_FUNCTION = YES;
				GCC_WARN_UNUSED_VARIABLE = YES;
				IPHONEOS_DEPLOYMENT_TARGET = 14.3;
				MTL_ENABLE_DEBUG_INFO = INCLUDE_SOURCE;
				MTL_FAST_MATH = YES;
				ONLY_ACTIVE_ARCH = YES;
				SDKROOT = iphoneos;
				SWIFT_ACTIVE_COMPILATION_CONDITIONS = DEBUG;
				SWIFT_OPTIMIZATION_LEVEL = "-Onone";
			};
			name = Debug;
		};
		AD2ADEE425B568780066D74B /* Release */ = {
			isa = XCBuildConfiguration;
			buildSettings = {
				ALWAYS_SEARCH_USER_PATHS = NO;
				CLANG_ANALYZER_NONNULL = YES;
				CLANG_ANALYZER_NUMBER_OBJECT_CONVERSION = YES_AGGRESSIVE;
				CLANG_CXX_LANGUAGE_STANDARD = "gnu++14";
				CLANG_CXX_LIBRARY = "libc++";
				CLANG_ENABLE_MODULES = YES;
				CLANG_ENABLE_OBJC_ARC = YES;
				CLANG_ENABLE_OBJC_WEAK = YES;
				CLANG_WARN_BLOCK_CAPTURE_AUTORELEASING = YES;
				CLANG_WARN_BOOL_CONVERSION = YES;
				CLANG_WARN_COMMA = YES;
				CLANG_WARN_CONSTANT_CONVERSION = YES;
				CLANG_WARN_DEPRECATED_OBJC_IMPLEMENTATIONS = YES;
				CLANG_WARN_DIRECT_OBJC_ISA_USAGE = YES_ERROR;
				CLANG_WARN_DOCUMENTATION_COMMENTS = YES;
				CLANG_WARN_EMPTY_BODY = YES;
				CLANG_WARN_ENUM_CONVERSION = YES;
				CLANG_WARN_INFINITE_RECURSION = YES;
				CLANG_WARN_INT_CONVERSION = YES;
				CLANG_WARN_NON_LITERAL_NULL_CONVERSION = YES;
				CLANG_WARN_OBJC_IMPLICIT_RETAIN_SELF = YES;
				CLANG_WARN_OBJC_LITERAL_CONVERSION = YES;
				CLANG_WARN_OBJC_ROOT_CLASS = YES_ERROR;
				CLANG_WARN_QUOTED_INCLUDE_IN_FRAMEWORK_HEADER = YES;
				CLANG_WARN_RANGE_LOOP_ANALYSIS = YES;
				CLANG_WARN_STRICT_PROTOTYPES = YES;
				CLANG_WARN_SUSPICIOUS_MOVE = YES;
				CLANG_WARN_UNGUARDED_AVAILABILITY = YES_AGGRESSIVE;
				CLANG_WARN_UNREACHABLE_CODE = YES;
				CLANG_WARN__DUPLICATE_METHOD_MATCH = YES;
				COPY_PHASE_STRIP = NO;
				DEBUG_INFORMATION_FORMAT = "dwarf-with-dsym";
				ENABLE_NS_ASSERTIONS = NO;
				ENABLE_STRICT_OBJC_MSGSEND = YES;
				GCC_C_LANGUAGE_STANDARD = gnu11;
				GCC_NO_COMMON_BLOCKS = YES;
				GCC_WARN_64_TO_32_BIT_CONVERSION = YES;
				GCC_WARN_ABOUT_RETURN_TYPE = YES_ERROR;
				GCC_WARN_UNDECLARED_SELECTOR = YES;
				GCC_WARN_UNINITIALIZED_AUTOS = YES_AGGRESSIVE;
				GCC_WARN_UNUSED_FUNCTION = YES;
				GCC_WARN_UNUSED_VARIABLE = YES;
				IPHONEOS_DEPLOYMENT_TARGET = 14.3;
				MTL_ENABLE_DEBUG_INFO = NO;
				MTL_FAST_MATH = YES;
				SDKROOT = iphoneos;
				SWIFT_COMPILATION_MODE = wholemodule;
				SWIFT_OPTIMIZATION_LEVEL = "-O";
				VALIDATE_PRODUCT = YES;
			};
			name = Release;
		};
		AD2ADEE625B568780066D74B /* Debug */ = {
			isa = XCBuildConfiguration;
			buildSettings = {
				ASSETCATALOG_COMPILER_APPICON_NAME = AppIcon;
				ASSETCATALOG_COMPILER_GLOBAL_ACCENT_COLOR_NAME = AccentColor;
				CODE_SIGN_STYLE = Automatic;
				DEVELOPMENT_TEAM = CMZ8NMX69N;
				INFOPLIST_FILE = App3/Info.plist;
				LD_RUNPATH_SEARCH_PATHS = (
					"$(inherited)",
					"@executable_path/Frameworks",
				);
				PRODUCT_BUNDLE_IDENTIFIER = y.ryoga.App3;
				PRODUCT_NAME = "$(TARGET_NAME)";
				SWIFT_VERSION = 5.0;
				TARGETED_DEVICE_FAMILY = "1,2";
			};
			name = Debug;
		};
		AD2ADEE725B568780066D74B /* Release */ = {
			isa = XCBuildConfiguration;
			buildSettings = {
				ASSETCATALOG_COMPILER_APPICON_NAME = AppIcon;
				ASSETCATALOG_COMPILER_GLOBAL_ACCENT_COLOR_NAME = AccentColor;
				CODE_SIGN_STYLE = Automatic;
				DEVELOPMENT_TEAM = CMZ8NMX69N;
				INFOPLIST_FILE = App3/Info.plist;
				LD_RUNPATH_SEARCH_PATHS = (
					"$(inherited)",
					"@executable_path/Frameworks",
				);
				PRODUCT_BUNDLE_IDENTIFIER = y.ryoga.App3;
				PRODUCT_NAME = "$(TARGET_NAME)";
				SWIFT_VERSION = 5.0;
				TARGETED_DEVICE_FAMILY = "1,2";
			};
			name = Release;
		};
/* End XCBuildConfiguration section */

/* Begin XCConfigurationList section */
		AD2ADECC25B568770066D74B /* Build configuration list for PBXProject "App3" */ = {
			isa = XCConfigurationList;
			buildConfigurations = (
				AD2ADEE325B568780066D74B /* Debug */,
				AD2ADEE425B568780066D74B /* Release */,
			);
			defaultConfigurationIsVisible = 0;
			defaultConfigurationName = Release;
		};
		AD2ADEE525B568780066D74B /* Build configuration list for PBXNativeTarget "App3" */ = {
			isa = XCConfigurationList;
			buildConfigurations = (
				AD2ADEE625B568780066D74B /* Debug */,
				AD2ADEE725B568780066D74B /* Release */,
			);
			defaultConfigurationIsVisible = 0;
			defaultConfigurationName = Release;
		};
/* End XCConfigurationList section */
	};
	rootObject = AD2ADEC925B568770066D74B /* Project object */;
}
